// !$*UTF8*$!
{
	archiveVersion = 1;
	classes = {
	};
	objectVersion = 50;
	objects = {

/* Begin PBXBuildFile section */
		507D570C202CF13E00BB72AF /* BLEPeripheral.swift in Sources */ = {isa = PBXBuildFile; fileRef = 507D570B202CF13E00BB72AF /* BLEPeripheral.swift */; };
		507D570E202CF74000BB72AF /* DataConversions.swift in Sources */ = {isa = PBXBuildFile; fileRef = 507D570D202CF74000BB72AF /* DataConversions.swift */; };
		507D5711202CF82F00BB72AF /* CommandQueue.swift in Sources */ = {isa = PBXBuildFile; fileRef = 507D5710202CF82F00BB72AF /* CommandQueue.swift */; };
		50971A26202B7DA70001234E /* AppDelegate.swift in Sources */ = {isa = PBXBuildFile; fileRef = 50971A25202B7DA70001234E /* AppDelegate.swift */; };
		50971A28202B7DA70001234E /* ViewController.swift in Sources */ = {isa = PBXBuildFile; fileRef = 50971A27202B7DA70001234E /* ViewController.swift */; };
		50971A2B202B7DA70001234E /* Main.storyboard in Resources */ = {isa = PBXBuildFile; fileRef = 50971A29202B7DA70001234E /* Main.storyboard */; };
		50971A2E202B7DA70001234E /* Members_Only.xcdatamodeld in Sources */ = {isa = PBXBuildFile; fileRef = 50971A2C202B7DA70001234E /* Members_Only.xcdatamodeld */; };
		50971A30202B7DA90001234E /* Assets.xcassets in Resources */ = {isa = PBXBuildFile; fileRef = 50971A2F202B7DA90001234E /* Assets.xcassets */; };
		50971A33202B7DA90001234E /* LaunchScreen.storyboard in Resources */ = {isa = PBXBuildFile; fileRef = 50971A31202B7DA90001234E /* LaunchScreen.storyboard */; };
		50971A3B202BBF880001234E /* BLEManager.swift in Sources */ = {isa = PBXBuildFile; fileRef = 50971A3A202BBF880001234E /* BLEManager.swift */; };
/* End PBXBuildFile section */

/* Begin PBXFileReference section */
		507D570B202CF13E00BB72AF /* BLEPeripheral.swift */ = {isa = PBXFileReference; lastKnownFileType = sourcecode.swift; path = BLEPeripheral.swift; sourceTree = "<group>"; };
		507D570D202CF74000BB72AF /* DataConversions.swift */ = {isa = PBXFileReference; lastKnownFileType = sourcecode.swift; path = DataConversions.swift; sourceTree = "<group>"; };
		507D5710202CF82F00BB72AF /* CommandQueue.swift */ = {isa = PBXFileReference; lastKnownFileType = sourcecode.swift; path = CommandQueue.swift; sourceTree = "<group>"; };
		50971A22202B7DA70001234E /* Members Only.app */ = {isa = PBXFileReference; explicitFileType = wrapper.application; includeInIndex = 0; path = "Members Only.app"; sourceTree = BUILT_PRODUCTS_DIR; };
		50971A25202B7DA70001234E /* AppDelegate.swift */ = {isa = PBXFileReference; lastKnownFileType = sourcecode.swift; path = AppDelegate.swift; sourceTree = "<group>"; };
		50971A27202B7DA70001234E /* ViewController.swift */ = {isa = PBXFileReference; lastKnownFileType = sourcecode.swift; path = ViewController.swift; sourceTree = "<group>"; };
		50971A2A202B7DA70001234E /* Base */ = {isa = PBXFileReference; lastKnownFileType = file.storyboard; name = Base; path = Base.lproj/Main.storyboard; sourceTree = "<group>"; };
		50971A2D202B7DA70001234E /* Members_Only.xcdatamodel */ = {isa = PBXFileReference; lastKnownFileType = wrapper.xcdatamodel; path = Members_Only.xcdatamodel; sourceTree = "<group>"; };
		50971A2F202B7DA90001234E /* Assets.xcassets */ = {isa = PBXFileReference; lastKnownFileType = folder.assetcatalog; path = Assets.xcassets; sourceTree = "<group>"; };
		50971A32202B7DA90001234E /* Base */ = {isa = PBXFileReference; lastKnownFileType = file.storyboard; name = Base; path = Base.lproj/LaunchScreen.storyboard; sourceTree = "<group>"; };
		50971A34202B7DA90001234E /* Info.plist */ = {isa = PBXFileReference; lastKnownFileType = text.plist.xml; path = Info.plist; sourceTree = "<group>"; };
		50971A3A202BBF880001234E /* BLEManager.swift */ = {isa = PBXFileReference; lastKnownFileType = sourcecode.swift; path = BLEManager.swift; sourceTree = "<group>"; };
/* End PBXFileReference section */

/* Begin PBXFrameworksBuildPhase section */
		50971A1F202B7DA70001234E /* Frameworks */ = {
			isa = PBXFrameworksBuildPhase;
			buildActionMask = 2147483647;
			files = (
			);
			runOnlyForDeploymentPostprocessing = 0;
		};
/* End PBXFrameworksBuildPhase section */

/* Begin PBXGroup section */
		507D570A202CF10F00BB72AF /* Bluetooth */ = {
			isa = PBXGroup;
			children = (
				50971A3A202BBF880001234E /* BLEManager.swift */,
				507D570B202CF13E00BB72AF /* BLEPeripheral.swift */,
			);
			path = Bluetooth;
			sourceTree = "<group>";
		};
		507D570F202CF80D00BB72AF /* Utils */ = {
			isa = PBXGroup;
			children = (
				507D570D202CF74000BB72AF /* DataConversions.swift */,
				507D5710202CF82F00BB72AF /* CommandQueue.swift */,
			);
			path = Utils;
			sourceTree = "<group>";
		};
		50971A19202B7DA70001234E = {
			isa = PBXGroup;
			children = (
				50971A24202B7DA70001234E /* Members Only */,
				50971A23202B7DA70001234E /* Products */,
			);
			sourceTree = "<group>";
		};
		50971A23202B7DA70001234E /* Products */ = {
			isa = PBXGroup;
			children = (
				50971A22202B7DA70001234E /* Members Only.app */,
			);
			name = Products;
			sourceTree = "<group>";
		};
		50971A24202B7DA70001234E /* Members Only */ = {
			isa = PBXGroup;
			children = (
				507D570F202CF80D00BB72AF /* Utils */,
				507D570A202CF10F00BB72AF /* Bluetooth */,
				50971A25202B7DA70001234E /* AppDelegate.swift */,
				50971A27202B7DA70001234E /* ViewController.swift */,
				50971A29202B7DA70001234E /* Main.storyboard */,
				50971A2F202B7DA90001234E /* Assets.xcassets */,
				50971A31202B7DA90001234E /* LaunchScreen.storyboard */,
				50971A34202B7DA90001234E /* Info.plist */,
				50971A2C202B7DA70001234E /* Members_Only.xcdatamodeld */,
			);
			path = "Members Only";
			sourceTree = "<group>";
		};
/* End PBXGroup section */

/* Begin PBXNativeTarget section */
		50971A21202B7DA70001234E /* Members Only */ = {
			isa = PBXNativeTarget;
			buildConfigurationList = 50971A37202B7DA90001234E /* Build configuration list for PBXNativeTarget "Members Only" */;
			buildPhases = (
				50971A1E202B7DA70001234E /* Sources */,
				50971A1F202B7DA70001234E /* Frameworks */,
				50971A20202B7DA70001234E /* Resources */,
			);
			buildRules = (
			);
			dependencies = (
			);
			name = "Members Only";
			productName = "Members Only";
			productReference = 50971A22202B7DA70001234E /* Members Only.app */;
			productType = "com.apple.product-type.application";
		};
/* End PBXNativeTarget section */

/* Begin PBXProject section */
		50971A1A202B7DA70001234E /* Project object */ = {
			isa = PBXProject;
			attributes = {
				LastSwiftUpdateCheck = 0930;
				LastUpgradeCheck = 0930;
				ORGANIZATIONNAME = JeramyMorrill;
				TargetAttributes = {
					50971A21202B7DA70001234E = {
						CreatedOnToolsVersion = 9.3;
					};
				};
			};
			buildConfigurationList = 50971A1D202B7DA70001234E /* Build configuration list for PBXProject "Members Only" */;
			compatibilityVersion = "Xcode 9.3";
			developmentRegion = en;
			hasScannedForEncodings = 0;
			knownRegions = (
				en,
				Base,
			);
			mainGroup = 50971A19202B7DA70001234E;
			productRefGroup = 50971A23202B7DA70001234E /* Products */;
			projectDirPath = "";
			projectRoot = "";
			targets = (
				50971A21202B7DA70001234E /* Members Only */,
			);
		};
/* End PBXProject section */

/* Begin PBXResourcesBuildPhase section */
		50971A20202B7DA70001234E /* Resources */ = {
			isa = PBXResourcesBuildPhase;
			buildActionMask = 2147483647;
			files = (
				50971A33202B7DA90001234E /* LaunchScreen.storyboard in Resources */,
				50971A30202B7DA90001234E /* Assets.xcassets in Resources */,
				50971A2B202B7DA70001234E /* Main.storyboard in Resources */,
			);
			runOnlyForDeploymentPostprocessing = 0;
		};
/* End PBXResourcesBuildPhase section */

/* Begin PBXSourcesBuildPhase section */
		50971A1E202B7DA70001234E /* Sources */ = {
			isa = PBXSourcesBuildPhase;
			buildActionMask = 2147483647;
			files = (
				50971A28202B7DA70001234E /* ViewController.swift in Sources */,
				507D5711202CF82F00BB72AF /* CommandQueue.swift in Sources */,
				50971A3B202BBF880001234E /* BLEManager.swift in Sources */,
				50971A26202B7DA70001234E /* AppDelegate.swift in Sources */,
				507D570E202CF74000BB72AF /* DataConversions.swift in Sources */,
				50971A2E202B7DA70001234E /* Members_Only.xcdatamodeld in Sources */,
				507D570C202CF13E00BB72AF /* BLEPeripheral.swift in Sources */,
			);
			runOnlyForDeploymentPostprocessing = 0;
		};
/* End PBXSourcesBuildPhase section */

/* Begin PBXVariantGroup section */
		50971A29202B7DA70001234E /* Main.storyboard */ = {
			isa = PBXVariantGroup;
			children = (
				50971A2A202B7DA70001234E /* Base */,
			);
			name = Main.storyboard;
			sourceTree = "<group>";
		};
		50971A31202B7DA90001234E /* LaunchScreen.storyboard */ = {
			isa = PBXVariantGroup;
			children = (
				50971A32202B7DA90001234E /* Base */,
			);
			name = LaunchScreen.storyboard;
			sourceTree = "<group>";
		};
/* End PBXVariantGroup section */

/* Begin XCBuildConfiguration section */
		50971A35202B7DA90001234E /* Debug */ = {
			isa = XCBuildConfiguration;
			buildSettings = {
				ALWAYS_SEARCH_USER_PATHS = NO;
				CLANG_ANALYZER_NONNULL = YES;
				CLANG_ANALYZER_NUMBER_OBJECT_CONVERSION = YES_AGGRESSIVE;
				CLANG_CXX_LANGUAGE_STANDARD = "gnu++14";
				CLANG_CXX_LIBRARY = "libc++";
				CLANG_ENABLE_MODULES = YES;
				CLANG_ENABLE_OBJC_ARC = YES;
				CLANG_ENABLE_OBJC_WEAK = YES;
				CLANG_WARN_BLOCK_CAPTURE_AUTORELEASING = YES;
				CLANG_WARN_BOOL_CONVERSION = YES;
				CLANG_WARN_COMMA = YES;
				CLANG_WARN_CONSTANT_CONVERSION = YES;
				CLANG_WARN_DEPRECATED_OBJC_IMPLEMENTATIONS = YES;
				CLANG_WARN_DIRECT_OBJC_ISA_USAGE = YES_ERROR;
				CLANG_WARN_DOCUMENTATION_COMMENTS = YES;
				CLANG_WARN_EMPTY_BODY = YES;
				CLANG_WARN_ENUM_CONVERSION = YES;
				CLANG_WARN_INFINITE_RECURSION = YES;
				CLANG_WARN_INT_CONVERSION = YES;
				CLANG_WARN_NON_LITERAL_NULL_CONVERSION = YES;
				CLANG_WARN_OBJC_IMPLICIT_RETAIN_SELF = YES;
				CLANG_WARN_OBJC_LITERAL_CONVERSION = YES;
				CLANG_WARN_OBJC_ROOT_CLASS = YES_ERROR;
				CLANG_WARN_RANGE_LOOP_ANALYSIS = YES;
				CLANG_WARN_STRICT_PROTOTYPES = YES;
				CLANG_WARN_SUSPICIOUS_MOVE = YES;
				CLANG_WARN_UNGUARDED_AVAILABILITY = YES_AGGRESSIVE;
				CLANG_WARN_UNREACHABLE_CODE = YES;
				CLANG_WARN__DUPLICATE_METHOD_MATCH = YES;
				CODE_SIGN_IDENTITY = "iPhone Developer";
				COPY_PHASE_STRIP = NO;
				DEBUG_INFORMATION_FORMAT = dwarf;
				ENABLE_STRICT_OBJC_MSGSEND = YES;
				ENABLE_TESTABILITY = YES;
				GCC_C_LANGUAGE_STANDARD = gnu11;
				GCC_DYNAMIC_NO_PIC = NO;
				GCC_NO_COMMON_BLOCKS = YES;
				GCC_OPTIMIZATION_LEVEL = 0;
				GCC_PREPROCESSOR_DEFINITIONS = (
					"DEBUG=1",
					"$(inherited)",
				);
				GCC_WARN_64_TO_32_BIT_CONVERSION = YES;
				GCC_WARN_ABOUT_RETURN_TYPE = YES_ERROR;
				GCC_WARN_UNDECLARED_SELECTOR = YES;
				GCC_WARN_UNINITIALIZED_AUTOS = YES_AGGRESSIVE;
				GCC_WARN_UNUSED_FUNCTION = YES;
				GCC_WARN_UNUSED_VARIABLE = YES;
				IPHONEOS_DEPLOYMENT_TARGET = 11.3;
				MTL_ENABLE_DEBUG_INFO = YES;
				ONLY_ACTIVE_ARCH = YES;
				SDKROOT = iphoneos;
				SWIFT_ACTIVE_COMPILATION_CONDITIONS = DEBUG;
				SWIFT_OPTIMIZATION_LEVEL = "-Onone";
			};
			name = Debug;
		};
		50971A36202B7DA90001234E /* Release */ = {
			isa = XCBuildConfiguration;
			buildSettings = {
				ALWAYS_SEARCH_USER_PATHS = NO;
				CLANG_ANALYZER_NONNULL = YES;
				CLANG_ANALYZER_NUMBER_OBJECT_CONVERSION = YES_AGGRESSIVE;
				CLANG_CXX_LANGUAGE_STANDARD = "gnu++14";
				CLANG_CXX_LIBRARY = "libc++";
				CLANG_ENABLE_MODULES = YES;
				CLANG_ENABLE_OBJC_ARC = YES;
				CLANG_ENABLE_OBJC_WEAK = YES;
				CLANG_WARN_BLOCK_CAPTURE_AUTORELEASING = YES;
				CLANG_WARN_BOOL_CONVERSION = YES;
				CLANG_WARN_COMMA = YES;
				CLANG_WARN_CONSTANT_CONVERSION = YES;
				CLANG_WARN_DEPRECATED_OBJC_IMPLEMENTATIONS = YES;
				CLANG_WARN_DIRECT_OBJC_ISA_USAGE = YES_ERROR;
				CLANG_WARN_DOCUMENTATION_COMMENTS = YES;
				CLANG_WARN_EMPTY_BODY = YES;
				CLANG_WARN_ENUM_CONVERSION = YES;
				CLANG_WARN_INFINITE_RECURSION = YES;
				CLANG_WARN_INT_CONVERSION = YES;
				CLANG_WARN_NON_LITERAL_NULL_CONVERSION = YES;
				CLANG_WARN_OBJC_IMPLICIT_RETAIN_SELF = YES;
				CLANG_WARN_OBJC_LITERAL_CONVERSION = YES;
				CLANG_WARN_OBJC_ROOT_CLASS = YES_ERROR;
				CLANG_WARN_RANGE_LOOP_ANALYSIS = YES;
				CLANG_WARN_STRICT_PROTOTYPES = YES;
				CLANG_WARN_SUSPICIOUS_MOVE = YES;
				CLANG_WARN_UNGUARDED_AVAILABILITY = YES_AGGRESSIVE;
				CLANG_WARN_UNREACHABLE_CODE = YES;
				CLANG_WARN__DUPLICATE_METHOD_MATCH = YES;
				CODE_SIGN_IDENTITY = "iPhone Developer";
				COPY_PHASE_STRIP = NO;
				DEBUG_INFORMATION_FORMAT = "dwarf-with-dsym";
				ENABLE_NS_ASSERTIONS = NO;
				ENABLE_STRICT_OBJC_MSGSEND = YES;
				GCC_C_LANGUAGE_STANDARD = gnu11;
				GCC_NO_COMMON_BLOCKS = YES;
				GCC_WARN_64_TO_32_BIT_CONVERSION = YES;
				GCC_WARN_ABOUT_RETURN_TYPE = YES_ERROR;
				GCC_WARN_UNDECLARED_SELECTOR = YES;
				GCC_WARN_UNINITIALIZED_AUTOS = YES_AGGRESSIVE;
				GCC_WARN_UNUSED_FUNCTION = YES;
				GCC_WARN_UNUSED_VARIABLE = YES;
				IPHONEOS_DEPLOYMENT_TARGET = 11.3;
				MTL_ENABLE_DEBUG_INFO = NO;
				SDKROOT = iphoneos;
				SWIFT_OPTIMIZATION_LEVEL = "-Owholemodule";
				VALIDATE_PRODUCT = YES;
			};
			name = Release;
		};
		50971A38202B7DA90001234E /* Debug */ = {
			isa = XCBuildConfiguration;
			buildSettings = {
				ASSETCATALOG_COMPILER_APPICON_NAME = AppIcon;
				CODE_SIGN_STYLE = Automatic;
				DEVELOPMENT_TEAM = 3Q79D5G37N;
				INFOPLIST_FILE = "Members Only/Info.plist";
				LD_RUNPATH_SEARCH_PATHS = (
					"$(inherited)",
					"@executable_path/Frameworks",
				);
				PRODUCT_BUNDLE_IDENTIFIER = "analogfolk.Members-Only";
				PRODUCT_NAME = "$(TARGET_NAME)";
				SWIFT_VERSION = 4.0;
				TARGETED_DEVICE_FAMILY = "1,2";
			};
			name = Debug;
		};
		50971A39202B7DA90001234E /* Release */ = {
			isa = XCBuildConfiguration;
			buildSettings = {
				ASSETCATALOG_COMPILER_APPICON_NAME = AppIcon;
				CODE_SIGN_STYLE = Automatic;
				DEVELOPMENT_TEAM = 3Q79D5G37N;
				INFOPLIST_FILE = "Members Only/Info.plist";
				LD_RUNPATH_SEARCH_PATHS = (
					"$(inherited)",
					"@executable_path/Frameworks",
				);
				PRODUCT_BUNDLE_IDENTIFIER = "analogfolk.Members-Only";
				PRODUCT_NAME = "$(TARGET_NAME)";
				SWIFT_VERSION = 4.0;
				TARGETED_DEVICE_FAMILY = "1,2";
			};
			name = Release;
		};
/* End XCBuildConfiguration section */

/* Begin XCConfigurationList section */
		50971A1D202B7DA70001234E /* Build configuration list for PBXProject "Members Only" */ = {
			isa = XCConfigurationList;
			buildConfigurations = (
				50971A35202B7DA90001234E /* Debug */,
				50971A36202B7DA90001234E /* Release */,
			);
			defaultConfigurationIsVisible = 0;
			defaultConfigurationName = Release;
		};
		50971A37202B7DA90001234E /* Build configuration list for PBXNativeTarget "Members Only" */ = {
			isa = XCConfigurationList;
			buildConfigurations = (
				50971A38202B7DA90001234E /* Debug */,
				50971A39202B7DA90001234E /* Release */,
			);
			defaultConfigurationIsVisible = 0;
			defaultConfigurationName = Release;
		};
/* End XCConfigurationList section */

/* Begin XCVersionGroup section */
		50971A2C202B7DA70001234E /* Members_Only.xcdatamodeld */ = {
			isa = XCVersionGroup;
			children = (
				50971A2D202B7DA70001234E /* Members_Only.xcdatamodel */,
			);
			currentVersion = 50971A2D202B7DA70001234E /* Members_Only.xcdatamodel */;
			path = Members_Only.xcdatamodeld;
			sourceTree = "<group>";
			versionGroupType = wrapper.xcdatamodel;
		};
/* End XCVersionGroup section */
	};
	rootObject = 50971A1A202B7DA70001234E /* Project object */;
}
